
Microsoft Visual Studio Solution File, Format Version 12.00
# Visual Studio 14
VisualStudioVersion = 14.0.25420.1
MinimumVisualStudioVersion = 10.0.40219.1
Project("{FAE04EC0-301F-11D3-BF4B-00C04F79EFBC}") = "SocketServer", "SocketServer\SocketServer.csproj", "{861A8FDF-5B7B-402A-BF88-C17FC4A7F41E}"
EndProject
Project("{FAE04EC0-301F-11D3-BF4B-00C04F79EFBC}") = "SocketClient", "SocketClient\SocketClient.csproj", "{A9C2CED9-D6C0-4150-9817-3E8FC3411CF4}"
EndProject
Global
	GlobalSection(SolutionConfigurationPlatforms) = preSolution
		Debug|Any CPU = Debug|Any CPU
		Release|Any CPU = Release|Any CPU
	EndGlobalSection
	GlobalSection(ProjectConfigurationPlatforms) = postSolution
		{861A8FDF-5B7B-402A-BF88-C17FC4A7F41E}.Debug|Any CPU.ActiveCfg = Debug|Any CPU
		{861A8FDF-5B7B-402A-BF88-C17FC4A7F41E}.Debug|Any CPU.Build.0 = Debug|Any CPU
		{861A8FDF-5B7B-402A-BF88-C17FC4A7F41E}.Release|Any CPU.ActiveCfg = Release|Any CPU
		{861A8FDF-5B7B-402A-BF88-C17FC4A7F41E}.Release|Any CPU.Build.0 = Release|Any CPU
		{A9C2CED9-D6C0-4150-9817-3E8FC3411CF4}.Debug|Any CPU.ActiveCfg = Debug|Any CPU
		{A9C2CED9-D6C0-4150-9817-3E8FC3411CF4}.Debug|Any CPU.Build.0 = Debug|Any CPU
		{A9C2CED9-D6C0-4150-9817-3E8FC3411CF4}.Release|Any CPU.ActiveCfg = Release|Any CPU
		{A9C2CED9-D6C0-4150-9817-3E8FC3411CF4}.Release|Any CPU.Build.0 = Release|Any CPU
	EndGlobalSection
	GlobalSection(SolutionProperties) = preSolution
		HideSolutionNode = FALSE
	EndGlobalSection
EndGlobal
